
Microsoft Visual Studio Solution File, Format Version 12.00
# Visual Studio 15
VisualStudioVersion = 15.0.28307.136
MinimumVisualStudioVersion = 10.0.40219.1
Project("{9A19103F-16F7-4668-BE54-9A1E7A4F7556}") = "Karlson.Web", "Karlson.Web\Karlson.Web.csproj", "{9F8A5E59-C5E5-4EFB-9076-8FA2BC6FE8FB}"
EndProject
Project("{9A19103F-16F7-4668-BE54-9A1E7A4F7556}") = "Karlson.DataAccess", "Karlson.DataAccess\Karlson.DataAccess.csproj", "{66A248A1-DDEA-473A-88AA-E8478BDCC8A4}"
EndProject
Project("{9A19103F-16F7-4668-BE54-9A1E7A4F7556}") = "Karlson.Domain", "Karlson.Domain\Karlson.Domain.csproj", "{B813EA7D-C641-4435-BFCF-B904FAD5FE45}"
EndProject
Project("{9A19103F-16F7-4668-BE54-9A1E7A4F7556}") = "Karlson.Application", "Karlson.Application\Karlson.Application.csproj", "{B3765964-6226-4F6A-BCED-830DF552101C}"
EndProject
Project("{FAE04EC0-301F-11D3-BF4B-00C04F79EFBC}") = "Karlson.Service", "Karlson.Service\Karlson.Service.csproj", "{198D1FC8-0ED4-4667-BEBD-ED7F99A308ED}"
EndProject
Project("{FAE04EC0-301F-11D3-BF4B-00C04F79EFBC}") = "Karlson.DependencyInjection", "Karlson.DependencyInjection\Karlson.DependencyInjection.csproj", "{CEBACBE8-8985-429A-9E20-35A5B9E20BD0}"
EndProject
Global
	GlobalSection(SolutionConfigurationPlatforms) = preSolution
		Debug|Any CPU = Debug|Any CPU
		Release|Any CPU = Release|Any CPU
	EndGlobalSection
	GlobalSection(ProjectConfigurationPlatforms) = postSolution
		{9F8A5E59-C5E5-4EFB-9076-8FA2BC6FE8FB}.Debug|Any CPU.ActiveCfg = Debug|Any CPU
		{9F8A5E59-C5E5-4EFB-9076-8FA2BC6FE8FB}.Debug|Any CPU.Build.0 = Debug|Any CPU
		{9F8A5E59-C5E5-4EFB-9076-8FA2BC6FE8FB}.Release|Any CPU.ActiveCfg = Release|Any CPU
		{9F8A5E59-C5E5-4EFB-9076-8FA2BC6FE8FB}.Release|Any CPU.Build.0 = Release|Any CPU
		{66A248A1-DDEA-473A-88AA-E8478BDCC8A4}.Debug|Any CPU.ActiveCfg = Debug|Any CPU
		{66A248A1-DDEA-473A-88AA-E8478BDCC8A4}.Debug|Any CPU.Build.0 = Debug|Any CPU
		{66A248A1-DDEA-473A-88AA-E8478BDCC8A4}.Release|Any CPU.ActiveCfg = Release|Any CPU
		{66A248A1-DDEA-473A-88AA-E8478BDCC8A4}.Release|Any CPU.Build.0 = Release|Any CPU
		{B813EA7D-C641-4435-BFCF-B904FAD5FE45}.Debug|Any CPU.ActiveCfg = Debug|Any CPU
		{B813EA7D-C641-4435-BFCF-B904FAD5FE45}.Debug|Any CPU.Build.0 = Debug|Any CPU
		{B813EA7D-C641-4435-BFCF-B904FAD5FE45}.Release|Any CPU.ActiveCfg = Release|Any CPU
		{B813EA7D-C641-4435-BFCF-B904FAD5FE45}.Release|Any CPU.Build.0 = Release|Any CPU
		{B3765964-6226-4F6A-BCED-830DF552101C}.Debug|Any CPU.ActiveCfg = Debug|Any CPU
		{B3765964-6226-4F6A-BCED-830DF552101C}.Debug|Any CPU.Build.0 = Debug|Any CPU
		{B3765964-6226-4F6A-BCED-830DF552101C}.Release|Any CPU.ActiveCfg = Release|Any CPU
		{B3765964-6226-4F6A-BCED-830DF552101C}.Release|Any CPU.Build.0 = Release|Any CPU
		{198D1FC8-0ED4-4667-BEBD-ED7F99A308ED}.Debug|Any CPU.ActiveCfg = Debug|Any CPU
		{198D1FC8-0ED4-4667-BEBD-ED7F99A308ED}.Debug|Any CPU.Build.0 = Debug|Any CPU
		{198D1FC8-0ED4-4667-BEBD-ED7F99A308ED}.Release|Any CPU.ActiveCfg = Release|Any CPU
		{198D1FC8-0ED4-4667-BEBD-ED7F99A308ED}.Release|Any CPU.Build.0 = Release|Any CPU
		{CEBACBE8-8985-429A-9E20-35A5B9E20BD0}.Debug|Any CPU.ActiveCfg = Debug|Any CPU
		{CEBACBE8-8985-429A-9E20-35A5B9E20BD0}.Debug|Any CPU.Build.0 = Debug|Any CPU
		{CEBACBE8-8985-429A-9E20-35A5B9E20BD0}.Release|Any CPU.ActiveCfg = Release|Any CPU
		{CEBACBE8-8985-429A-9E20-35A5B9E20BD0}.Release|Any CPU.Build.0 = Release|Any CPU
	EndGlobalSection
	GlobalSection(SolutionProperties) = preSolution
		HideSolutionNode = FALSE
	EndGlobalSection
	GlobalSection(ExtensibilityGlobals) = postSolution
		SolutionGuid = {E266F86D-D8D4-450E-97E9-7339B3A67723}
	EndGlobalSection
EndGlobal
